
Microsoft Visual Studio Solution File, Format Version 12.00
# Visual Studio 15
VisualStudioVersion = 15.0.28307.1022
MinimumVisualStudioVersion = 10.0.40219.1
Project("{FAE04EC0-301F-11D3-BF4B-00C04F79EFBC}") = "l4d2-mutation-creator", "l4d2-mutation-creator\l4d2-mutation-creator.csproj", "{C0283933-A2F0-41A2-B1B0-FE8A38B8EFD5}"
EndProject
Global
	GlobalSection(SolutionConfigurationPlatforms) = preSolution
		Debug|Any CPU = Debug|Any CPU
		Release|Any CPU = Release|Any CPU
	EndGlobalSection
	GlobalSection(ProjectConfigurationPlatforms) = postSolution
		{C0283933-A2F0-41A2-B1B0-FE8A38B8EFD5}.Debug|Any CPU.ActiveCfg = Debug|Any CPU
		{C0283933-A2F0-41A2-B1B0-FE8A38B8EFD5}.Debug|Any CPU.Build.0 = Debug|Any CPU
		{C0283933-A2F0-41A2-B1B0-FE8A38B8EFD5}.Release|Any CPU.ActiveCfg = Release|Any CPU
		{C0283933-A2F0-41A2-B1B0-FE8A38B8EFD5}.Release|Any CPU.Build.0 = Release|Any CPU
	EndGlobalSection
	GlobalSection(SolutionProperties) = preSolution
		HideSolutionNode = FALSE
	EndGlobalSection
	GlobalSection(ExtensibilityGlobals) = postSolution
		SolutionGuid = {DDD24BB6-92FF-401D-902C-8AC7BB024A87}
	EndGlobalSection
EndGlobal
